# This is a Gradle generated file for dependency locking.
# Manual edits can break the build and are not advised.
# This file is expected to be part of source control.
ch.qos.logback:logback-classic:1.5.6=compileClasspath,productionRuntimeClasspath,runtimeClasspath,testCompileClasspath,testRuntimeClasspath
ch.qos.logback:logback-core:1.5.6=compileClasspath,productionRuntimeClasspath,runtimeClasspath,testCompileClasspath,testRuntimeClasspath
com.fasterxml.jackson.core:jackson-annotations:2.10.3=testCompileClasspath
com.fasterxml.jackson.core:jackson-annotations:2.15.2=testRuntimeClasspath
com.fasterxml.jackson.core:jackson-core:2.15.2=testRuntimeClasspath
com.fasterxml.jackson.core:jackson-databind:2.15.2=testRuntimeClasspath
com.fasterxml.jackson.dataformat:jackson-dataformat-toml:2.15.2=testRuntimeClasspath
com.fasterxml.jackson:jackson-bom:2.15.2=testRuntimeClasspath
com.github.docker-java:docker-java-api:3.4.0=testCompileClasspath,testRuntimeClasspath
com.github.docker-java:docker-java-transport-zerodep:3.4.0=testCompileClasspath,testRuntimeClasspath
com.github.docker-java:docker-java-transport:3.4.0=testCompileClasspath,testRuntimeClasspath
com.google.code.gson:gson:2.10.1=testRuntimeClasspath
com.jayway.jsonpath:json-path:2.9.0=testCompileClasspath,testRuntimeClasspath
com.ongres.scram:client:2.1=testRuntimeClasspath
com.ongres.scram:common:2.1=testRuntimeClasspath
com.ongres.stringprep:saslprep:1.1=testRuntimeClasspath
com.ongres.stringprep:stringprep:1.1=testRuntimeClasspath
com.vaadin.external.google:android-json:0.0.20131108.vaadin1=testCompileClasspath,testRuntimeClasspath
io.micrometer:micrometer-commons:1.12.8=compileClasspath,productionRuntimeClasspath,runtimeClasspath,testCompileClasspath,testRuntimeClasspath
io.micrometer:micrometer-observation:1.12.8=compileClasspath,productionRuntimeClasspath,runtimeClasspath,testCompileClasspath,testRuntimeClasspath
io.netty:netty-buffer:4.1.108.Final=testRuntimeClasspath
io.netty:netty-codec-dns:4.1.108.Final=testRuntimeClasspath
io.netty:netty-codec-http:4.1.108.Final=testRuntimeClasspath
io.netty:netty-codec-socks:4.1.108.Final=testRuntimeClasspath
io.netty:netty-codec:4.1.108.Final=testRuntimeClasspath
io.netty:netty-common:4.1.108.Final=testRuntimeClasspath
io.netty:netty-handler-proxy:4.1.108.Final=testRuntimeClasspath
io.netty:netty-handler:4.1.108.Final=testRuntimeClasspath
io.netty:netty-resolver-dns-classes-macos:4.1.108.Final=testRuntimeClasspath
io.netty:netty-resolver-dns-native-macos:4.1.108.Final=testRuntimeClasspath
io.netty:netty-resolver-dns:4.1.108.Final=testRuntimeClasspath
io.netty:netty-resolver:4.1.108.Final=testRuntimeClasspath
io.netty:netty-transport-classes-epoll:4.1.108.Final=testRuntimeClasspath
io.netty:netty-transport-native-epoll:4.1.108.Final=testRuntimeClasspath
io.netty:netty-transport-native-unix-common:4.1.108.Final=testRuntimeClasspath
io.netty:netty-transport:4.1.108.Final=testRuntimeClasspath
io.projectreactor.addons:reactor-pool:1.0.1=compileClasspath,productionRuntimeClasspath,runtimeClasspath,testCompileClasspath,testRuntimeClasspath
io.projectreactor.netty:reactor-netty-core:1.1.18=testRuntimeClasspath
io.projectreactor:reactor-core:3.6.8=compileClasspath,productionRuntimeClasspath,runtimeClasspath,testCompileClasspath,testRuntimeClasspath
io.projectreactor:reactor-test:3.6.8=testCompileClasspath,testRuntimeClasspath
io.r2dbc:r2dbc-pool:1.0.1.RELEASE=compileClasspath,productionRuntimeClasspath,runtimeClasspath,testCompileClasspath,testRuntimeClasspath
io.r2dbc:r2dbc-spi:1.0.0.RELEASE=compileClasspath,productionRuntimeClasspath,runtimeClasspath,testCompileClasspath,testRuntimeClasspath
jakarta.activation:jakarta.activation-api:2.1.3=testCompileClasspath,testRuntimeClasspath
jakarta.annotation:jakarta.annotation-api:2.1.1=compileClasspath,productionRuntimeClasspath,runtimeClasspath,testCompileClasspath,testRuntimeClasspath
jakarta.xml.bind:jakarta.xml.bind-api:4.0.2=testCompileClasspath,testRuntimeClasspath
junit:junit:4.13.2=testCompileClasspath,testRuntimeClasspath
net.bytebuddy:byte-buddy-agent:1.14.12=testCompileClasspath,testRuntimeClasspath
net.bytebuddy:byte-buddy:1.14.12=testCompileClasspath,testRuntimeClasspath
net.java.dev.jna:jna:5.13.0=testCompileClasspath,testRuntimeClasspath
net.minidev:accessors-smart:2.5.1=testCompileClasspath,testRuntimeClasspath
net.minidev:json-smart:2.5.1=testCompileClasspath,testRuntimeClasspath
org.apache.commons:commons-collections4:4.4=compileClasspath,productionRuntimeClasspath,runtimeClasspath,testCompileClasspath,testRuntimeClasspath
org.apache.commons:commons-compress:1.24.0=testCompileClasspath,testRuntimeClasspath
org.apache.logging.log4j:log4j-api:2.23.1=compileClasspath,productionRuntimeClasspath,runtimeClasspath,testCompileClasspath,testRuntimeClasspath
org.apache.logging.log4j:log4j-to-slf4j:2.23.1=compileClasspath,productionRuntimeClasspath,runtimeClasspath,testCompileClasspath,testRuntimeClasspath
org.apiguardian:apiguardian-api:1.1.2=testCompileClasspath
org.assertj:assertj-core:3.25.3=testCompileClasspath,testRuntimeClasspath
org.awaitility:awaitility:4.2.1=testCompileClasspath,testRuntimeClasspath
org.checkerframework:checker-qual:3.42.0=testRuntimeClasspath
org.flywaydb:flyway-core:10.16.0=testRuntimeClasspath
org.flywaydb:flyway-database-postgresql:10.16.0=testRuntimeClasspath
org.hamcrest:hamcrest-core:1.3=testCompileClasspath,testRuntimeClasspath
org.hamcrest:hamcrest:2.2=testCompileClasspath,testRuntimeClasspath
org.jetbrains:annotations:17.0.0=testCompileClasspath,testRuntimeClasspath
org.junit.jupiter:junit-jupiter-api:5.10.3=testCompileClasspath,testRuntimeClasspath
org.junit.jupiter:junit-jupiter-engine:5.10.3=testCompileClasspath,testRuntimeClasspath
org.junit.jupiter:junit-jupiter-params:5.10.3=testCompileClasspath,testRuntimeClasspath
org.junit.jupiter:junit-jupiter:5.10.3=testCompileClasspath,testRuntimeClasspath
org.junit.platform:junit-platform-commons:1.10.3=testCompileClasspath,testRuntimeClasspath
org.junit.platform:junit-platform-engine:1.10.3=testCompileClasspath,testRuntimeClasspath
org.junit:junit-bom:5.10.3=testCompileClasspath,testRuntimeClasspath
org.mockito:mockito-core:5.11.0=testCompileClasspath,testRuntimeClasspath
org.mockito:mockito-junit-jupiter:5.11.0=testCompileClasspath,testRuntimeClasspath
org.objenesis:objenesis:3.3=testRuntimeClasspath
org.opentest4j:opentest4j:1.3.0=testCompileClasspath,testRuntimeClasspath
org.ow2.asm:asm:9.6=testCompileClasspath,testRuntimeClasspath
org.postgresql:postgresql:42.7.3=testRuntimeClasspath
org.postgresql:r2dbc-postgresql:1.0.5.RELEASE=testRuntimeClasspath
org.projectlombok:lombok:1.18.34=annotationProcessor,compileClasspath
org.reactivestreams:reactive-streams:1.0.4=compileClasspath,productionRuntimeClasspath,runtimeClasspath,testCompileClasspath,testRuntimeClasspath
org.rnorth.duct-tape:duct-tape:1.0.8=testCompileClasspath,testRuntimeClasspath
org.skyscreamer:jsonassert:1.5.3=testCompileClasspath,testRuntimeClasspath
org.slf4j:jul-to-slf4j:2.0.13=compileClasspath,productionRuntimeClasspath,runtimeClasspath,testCompileClasspath,testRuntimeClasspath
org.slf4j:slf4j-api:2.0.13=compileClasspath,productionRuntimeClasspath,runtimeClasspath,testCompileClasspath,testRuntimeClasspath
org.springframework.boot:spring-boot-autoconfigure:3.3.2=compileClasspath,productionRuntimeClasspath,runtimeClasspath,testCompileClasspath,testRuntimeClasspath
org.springframework.boot:spring-boot-starter-data-r2dbc:3.3.2=compileClasspath,productionRuntimeClasspath,runtimeClasspath,testCompileClasspath,testRuntimeClasspath
org.springframework.boot:spring-boot-starter-logging:3.3.2=compileClasspath,productionRuntimeClasspath,runtimeClasspath,testCompileClasspath,testRuntimeClasspath
org.springframework.boot:spring-boot-starter-test:3.3.2=testCompileClasspath,testRuntimeClasspath
org.springframework.boot:spring-boot-starter:3.3.2=compileClasspath,productionRuntimeClasspath,runtimeClasspath,testCompileClasspath,testRuntimeClasspath
org.springframework.boot:spring-boot-test-autoconfigure:3.3.2=testCompileClasspath,testRuntimeClasspath
org.springframework.boot:spring-boot-test:3.3.2=testCompileClasspath,testRuntimeClasspath
org.springframework.boot:spring-boot:3.3.2=compileClasspath,productionRuntimeClasspath,runtimeClasspath,testCompileClasspath,testRuntimeClasspath
org.springframework.data:spring-data-commons:3.3.2=compileClasspath,productionRuntimeClasspath,runtimeClasspath,testCompileClasspath,testRuntimeClasspath
org.springframework.data:spring-data-r2dbc:3.3.2=compileClasspath,productionRuntimeClasspath,runtimeClasspath,testCompileClasspath,testRuntimeClasspath
org.springframework.data:spring-data-relational:3.3.2=compileClasspath,productionRuntimeClasspath,runtimeClasspath,testCompileClasspath,testRuntimeClasspath
org.springframework:spring-aop:6.1.11=compileClasspath,productionRuntimeClasspath,runtimeClasspath,testCompileClasspath,testRuntimeClasspath
org.springframework:spring-beans:6.1.11=compileClasspath,productionRuntimeClasspath,runtimeClasspath,testCompileClasspath,testRuntimeClasspath
org.springframework:spring-context:6.1.11=compileClasspath,productionRuntimeClasspath,runtimeClasspath,testCompileClasspath,testRuntimeClasspath
org.springframework:spring-core:6.1.11=compileClasspath,productionRuntimeClasspath,runtimeClasspath,testCompileClasspath,testRuntimeClasspath
org.springframework:spring-expression:6.1.11=compileClasspath,productionRuntimeClasspath,runtimeClasspath,testCompileClasspath,testRuntimeClasspath
org.springframework:spring-jcl:6.1.11=compileClasspath,productionRuntimeClasspath,runtimeClasspath,testCompileClasspath,testRuntimeClasspath
org.springframework:spring-jdbc:6.1.9=compileClasspath,productionRuntimeClasspath,runtimeClasspath,testCompileClasspath,testRuntimeClasspath
org.springframework:spring-r2dbc:6.1.9=compileClasspath,productionRuntimeClasspath,runtimeClasspath,testCompileClasspath,testRuntimeClasspath
org.springframework:spring-test:6.1.11=testCompileClasspath,testRuntimeClasspath
org.springframework:spring-tx:6.1.9=compileClasspath,productionRuntimeClasspath,runtimeClasspath,testCompileClasspath,testRuntimeClasspath
org.testcontainers:database-commons:1.20.0=testCompileClasspath,testRuntimeClasspath
org.testcontainers:jdbc:1.20.0=testCompileClasspath,testRuntimeClasspath
org.testcontainers:junit-jupiter:1.20.0=testCompileClasspath,testRuntimeClasspath
org.testcontainers:postgresql:1.20.0=testCompileClasspath,testRuntimeClasspath
org.testcontainers:r2dbc:1.20.0=testCompileClasspath,testRuntimeClasspath
org.testcontainers:testcontainers:1.20.0=testCompileClasspath,testRuntimeClasspath
org.xmlunit:xmlunit-core:2.9.1=testCompileClasspath,testRuntimeClasspath
org.yaml:snakeyaml:2.2=compileClasspath,productionRuntimeClasspath,runtimeClasspath,testCompileClasspath,testRuntimeClasspath
empty=developmentOnly,testAndDevelopmentOnly,testAnnotationProcessor
